// !$*UTF8*$!
{
	archiveVersion = 1;
	classes = {
	};
	objectVersion = 50;
	objects = {

/* Begin PBXBuildFile section */
		CB911DCD21487B19000410C2 /* AppDelegate.swift in Sources */ = {isa = PBXBuildFile; fileRef = CB911DCC21487B19000410C2 /* AppDelegate.swift */; };
		CB911DCF21487B19000410C2 /* ViewController.swift in Sources */ = {isa = PBXBuildFile; fileRef = CB911DCE21487B19000410C2 /* ViewController.swift */; };
		CB911DD221487B19000410C2 /* Main.storyboard in Resources */ = {isa = PBXBuildFile; fileRef = CB911DD021487B19000410C2 /* Main.storyboard */; };
		CB911DD421487B1B000410C2 /* Assets.xcassets in Resources */ = {isa = PBXBuildFile; fileRef = CB911DD321487B1B000410C2 /* Assets.xcassets */; };
		CB911DD721487B1B000410C2 /* LaunchScreen.storyboard in Resources */ = {isa = PBXBuildFile; fileRef = CB911DD521487B1B000410C2 /* LaunchScreen.storyboard */; };
		CB911DE221487B1B000410C2 /* LightTests.swift in Sources */ = {isa = PBXBuildFile; fileRef = CB911DE121487B1B000410C2 /* LightTests.swift */; };
		CB911DED21487B1B000410C2 /* LightUITests.swift in Sources */ = {isa = PBXBuildFile; fileRef = CB911DEC21487B1B000410C2 /* LightUITests.swift */; };
/* End PBXBuildFile section */

/* Begin PBXContainerItemProxy section */
		CB911DDE21487B1B000410C2 /* PBXContainerItemProxy */ = {
			isa = PBXContainerItemProxy;
			containerPortal = CB911DC121487B19000410C2 /* Project object */;
			proxyType = 1;
			remoteGlobalIDString = CB911DC821487B19000410C2;
			remoteInfo = Light;
		};
		CB911DE921487B1B000410C2 /* PBXContainerItemProxy */ = {
			isa = PBXContainerItemProxy;
			containerPortal = CB911DC121487B19000410C2 /* Project object */;
			proxyType = 1;
			remoteGlobalIDString = CB911DC821487B19000410C2;
			remoteInfo = Light;
		};
/* End PBXContainerItemProxy section */

/* Begin PBXFileReference section */
		CB911DC921487B19000410C2 /* Light.app */ = {isa = PBXFileReference; explicitFileType = wrapper.application; includeInIndex = 0; path = Light.app; sourceTree = BUILT_PRODUCTS_DIR; };
		CB911DCC21487B19000410C2 /* AppDelegate.swift */ = {isa = PBXFileReference; lastKnownFileType = sourcecode.swift; path = AppDelegate.swift; sourceTree = "<group>"; };
		CB911DCE21487B19000410C2 /* ViewController.swift */ = {isa = PBXFileReference; lastKnownFileType = sourcecode.swift; path = ViewController.swift; sourceTree = "<group>"; };
		CB911DD121487B19000410C2 /* Base */ = {isa = PBXFileReference; lastKnownFileType = file.storyboard; name = Base; path = Base.lproj/Main.storyboard; sourceTree = "<group>"; };
		CB911DD321487B1B000410C2 /* Assets.xcassets */ = {isa = PBXFileReference; lastKnownFileType = folder.assetcatalog; path = Assets.xcassets; sourceTree = "<group>"; };
		CB911DD621487B1B000410C2 /* Base */ = {isa = PBXFileReference; lastKnownFileType = file.storyboard; name = Base; path = Base.lproj/LaunchScreen.storyboard; sourceTree = "<group>"; };
		CB911DD821487B1B000410C2 /* Info.plist */ = {isa = PBXFileReference; lastKnownFileType = text.plist.xml; path = Info.plist; sourceTree = "<group>"; };
		CB911DDD21487B1B000410C2 /* LightTests.xctest */ = {isa = PBXFileReference; explicitFileType = wrapper.cfbundle; includeInIndex = 0; path = LightTests.xctest; sourceTree = BUILT_PRODUCTS_DIR; };
		CB911DE121487B1B000410C2 /* LightTests.swift */ = {isa = PBXFileReference; lastKnownFileType = sourcecode.swift; path = LightTests.swift; sourceTree = "<group>"; };
		CB911DE321487B1B000410C2 /* Info.plist */ = {isa = PBXFileReference; lastKnownFileType = text.plist.xml; path = Info.plist; sourceTree = "<group>"; };
		CB911DE821487B1B000410C2 /* LightUITests.xctest */ = {isa = PBXFileReference; explicitFileType = wrapper.cfbundle; includeInIndex = 0; path = LightUITests.xctest; sourceTree = BUILT_PRODUCTS_DIR; };
		CB911DEC21487B1B000410C2 /* LightUITests.swift */ = {isa = PBXFileReference; lastKnownFileType = sourcecode.swift; path = LightUITests.swift; sourceTree = "<group>"; };
		CB911DEE21487B1B000410C2 /* Info.plist */ = {isa = PBXFileReference; lastKnownFileType = text.plist.xml; path = Info.plist; sourceTree = "<group>"; };
/* End PBXFileReference section */

/* Begin PBXFrameworksBuildPhase section */
		CB911DC621487B19000410C2 /* Frameworks */ = {
			isa = PBXFrameworksBuildPhase;
			buildActionMask = 2147483647;
			files = (
			);
			runOnlyForDeploymentPostprocessing = 0;
		};
		CB911DDA21487B1B000410C2 /* Frameworks */ = {
			isa = PBXFrameworksBuildPhase;
			buildActionMask = 2147483647;
			files = (
			);
			runOnlyForDeploymentPostprocessing = 0;
		};
		CB911DE521487B1B000410C2 /* Frameworks */ = {
			isa = PBXFrameworksBuildPhase;
			buildActionMask = 2147483647;
			files = (
			);
			runOnlyForDeploymentPostprocessing = 0;
		};
/* End PBXFrameworksBuildPhase section */

/* Begin PBXGroup section */
		CB911DC021487B19000410C2 = {
			isa = PBXGroup;
			children = (
				CB911DCB21487B19000410C2 /* Light */,
				CB911DE021487B1B000410C2 /* LightTests */,
				CB911DEB21487B1B000410C2 /* LightUITests */,
				CB911DCA21487B19000410C2 /* Products */,
			);
			sourceTree = "<group>";
		};
		CB911DCA21487B19000410C2 /* Products */ = {
			isa = PBXGroup;
			children = (
				CB911DC921487B19000410C2 /* Light.app */,
				CB911DDD21487B1B000410C2 /* LightTests.xctest */,
				CB911DE821487B1B000410C2 /* LightUITests.xctest */,
			);
			name = Products;
			sourceTree = "<group>";
		};
		CB911DCB21487B19000410C2 /* Light */ = {
			isa = PBXGroup;
			children = (
				CB911DCC21487B19000410C2 /* AppDelegate.swift */,
				CB911DCE21487B19000410C2 /* ViewController.swift */,
				CB911DD021487B19000410C2 /* Main.storyboard */,
				CB911DD321487B1B000410C2 /* Assets.xcassets */,
				CB911DD521487B1B000410C2 /* LaunchScreen.storyboard */,
				CB911DD821487B1B000410C2 /* Info.plist */,
			);
			path = Light;
			sourceTree = "<group>";
		};
		CB911DE021487B1B000410C2 /* LightTests */ = {
			isa = PBXGroup;
			children = (
				CB911DE121487B1B000410C2 /* LightTests.swift */,
				CB911DE321487B1B000410C2 /* Info.plist */,
			);
			path = LightTests;
			sourceTree = "<group>";
		};
		CB911DEB21487B1B000410C2 /* LightUITests */ = {
			isa = PBXGroup;
			children = (
				CB911DEC21487B1B000410C2 /* LightUITests.swift */,
				CB911DEE21487B1B000410C2 /* Info.plist */,
			);
			path = LightUITests;
			sourceTree = "<group>";
		};
/* End PBXGroup section */

/* Begin PBXNativeTarget section */
		CB911DC821487B19000410C2 /* Light */ = {
			isa = PBXNativeTarget;
			buildConfigurationList = CB911DF121487B1B000410C2 /* Build configuration list for PBXNativeTarget "Light" */;
			buildPhases = (
				CB911DC521487B19000410C2 /* Sources */,
				CB911DC621487B19000410C2 /* Frameworks */,
				CB911DC721487B19000410C2 /* Resources */,
			);
			buildRules = (
			);
			dependencies = (
			);
			name = Light;
			productName = Light;
			productReference = CB911DC921487B19000410C2 /* Light.app */;
			productType = "com.apple.product-type.application";
		};
		CB911DDC21487B1B000410C2 /* LightTests */ = {
			isa = PBXNativeTarget;
			buildConfigurationList = CB911DF421487B1B000410C2 /* Build configuration list for PBXNativeTarget "LightTests" */;
			buildPhases = (
				CB911DD921487B1B000410C2 /* Sources */,
				CB911DDA21487B1B000410C2 /* Frameworks */,
				CB911DDB21487B1B000410C2 /* Resources */,
			);
			buildRules = (
			);
			dependencies = (
				CB911DDF21487B1B000410C2 /* PBXTargetDependency */,
			);
			name = LightTests;
			productName = LightTests;
			productReference = CB911DDD21487B1B000410C2 /* LightTests.xctest */;
			productType = "com.apple.product-type.bundle.unit-test";
		};
		CB911DE721487B1B000410C2 /* LightUITests */ = {
			isa = PBXNativeTarget;
			buildConfigurationList = CB911DF721487B1B000410C2 /* Build configuration list for PBXNativeTarget "LightUITests" */;
			buildPhases = (
				CB911DE421487B1B000410C2 /* Sources */,
				CB911DE521487B1B000410C2 /* Frameworks */,
				CB911DE621487B1B000410C2 /* Resources */,
			);
			buildRules = (
			);
			dependencies = (
				CB911DEA21487B1B000410C2 /* PBXTargetDependency */,
			);
			name = LightUITests;
			productName = LightUITests;
			productReference = CB911DE821487B1B000410C2 /* LightUITests.xctest */;
			productType = "com.apple.product-type.bundle.ui-testing";
		};
/* End PBXNativeTarget section */

/* Begin PBXProject section */
		CB911DC121487B19000410C2 /* Project object */ = {
			isa = PBXProject;
			attributes = {
				LastSwiftUpdateCheck = 0940;
				LastUpgradeCheck = 0940;
				ORGANIZATIONNAME = "Tyler Donohue";
				TargetAttributes = {
					CB911DC821487B19000410C2 = {
						CreatedOnToolsVersion = 9.4.1;
					};
					CB911DDC21487B1B000410C2 = {
						CreatedOnToolsVersion = 9.4.1;
						TestTargetID = CB911DC821487B19000410C2;
					};
					CB911DE721487B1B000410C2 = {
						CreatedOnToolsVersion = 9.4.1;
						TestTargetID = CB911DC821487B19000410C2;
					};
				};
			};
			buildConfigurationList = CB911DC421487B19000410C2 /* Build configuration list for PBXProject "Light" */;
			compatibilityVersion = "Xcode 9.3";
			developmentRegion = en;
			hasScannedForEncodings = 0;
			knownRegions = (
				en,
				Base,
			);
			mainGroup = CB911DC021487B19000410C2;
			productRefGroup = CB911DCA21487B19000410C2 /* Products */;
			projectDirPath = "";
			projectRoot = "";
			targets = (
				CB911DC821487B19000410C2 /* Light */,
				CB911DDC21487B1B000410C2 /* LightTests */,
				CB911DE721487B1B000410C2 /* LightUITests */,
			);
		};
/* End PBXProject section */

/* Begin PBXResourcesBuildPhase section */
		CB911DC721487B19000410C2 /* Resources */ = {
			isa = PBXResourcesBuildPhase;
			buildActionMask = 2147483647;
			files = (
				CB911DD721487B1B000410C2 /* LaunchScreen.storyboard in Resources */,
				CB911DD421487B1B000410C2 /* Assets.xcassets in Resources */,
				CB911DD221487B19000410C2 /* Main.storyboard in Resources */,
			);
			runOnlyForDeploymentPostprocessing = 0;
		};
		CB911DDB21487B1B000410C2 /* Resources */ = {
			isa = PBXResourcesBuildPhase;
			buildActionMask = 2147483647;
			files = (
			);
			runOnlyForDeploymentPostprocessing = 0;
		};
		CB911DE621487B1B000410C2 /* Resources */ = {
			isa = PBXResourcesBuildPhase;
			buildActionMask = 2147483647;
			files = (
			);
			runOnlyForDeploymentPostprocessing = 0;
		};
/* End PBXResourcesBuildPhase section */

/* Begin PBXSourcesBuildPhase section */
		CB911DC521487B19000410C2 /* Sources */ = {
			isa = PBXSourcesBuildPhase;
			buildActionMask = 2147483647;
			files = (
				CB911DCF21487B19000410C2 /* ViewController.swift in Sources */,
				CB911DCD21487B19000410C2 /* AppDelegate.swift in Sources */,
			);
			runOnlyForDeploymentPostprocessing = 0;
		};
		CB911DD921487B1B000410C2 /* Sources */ = {
			isa = PBXSourcesBuildPhase;
			buildActionMask = 2147483647;
			files = (
				CB911DE221487B1B000410C2 /* LightTests.swift in Sources */,
			);
			runOnlyForDeploymentPostprocessing = 0;
		};
		CB911DE421487B1B000410C2 /* Sources */ = {
			isa = PBXSourcesBuildPhase;
			buildActionMask = 2147483647;
			files = (
				CB911DED21487B1B000410C2 /* LightUITests.swift in Sources */,
			);
			runOnlyForDeploymentPostprocessing = 0;
		};
/* End PBXSourcesBuildPhase section */

/* Begin PBXTargetDependency section */
		CB911DDF21487B1B000410C2 /* PBXTargetDependency */ = {
			isa = PBXTargetDependency;
			target = CB911DC821487B19000410C2 /* Light */;
			targetProxy = CB911DDE21487B1B000410C2 /* PBXContainerItemProxy */;
		};
		CB911DEA21487B1B000410C2 /* PBXTargetDependency */ = {
			isa = PBXTargetDependency;
			target = CB911DC821487B19000410C2 /* Light */;
			targetProxy = CB911DE921487B1B000410C2 /* PBXContainerItemProxy */;
		};
/* End PBXTargetDependency section */

/* Begin PBXVariantGroup section */
		CB911DD021487B19000410C2 /* Main.storyboard */ = {
			isa = PBXVariantGroup;
			children = (
				CB911DD121487B19000410C2 /* Base */,
			);
			name = Main.storyboard;
			sourceTree = "<group>";
		};
		CB911DD521487B1B000410C2 /* LaunchScreen.storyboard */ = {
			isa = PBXVariantGroup;
			children = (
				CB911DD621487B1B000410C2 /* Base */,
			);
			name = LaunchScreen.storyboard;
			sourceTree = "<group>";
		};
/* End PBXVariantGroup section */

/* Begin XCBuildConfiguration section */
		CB911DEF21487B1B000410C2 /* Debug */ = {
			isa = XCBuildConfiguration;
			buildSettings = {
				ALWAYS_SEARCH_USER_PATHS = NO;
				CLANG_ANALYZER_NONNULL = YES;
				CLANG_ANALYZER_NUMBER_OBJECT_CONVERSION = YES_AGGRESSIVE;
				CLANG_CXX_LANGUAGE_STANDARD = "gnu++14";
				CLANG_CXX_LIBRARY = "libc++";
				CLANG_ENABLE_MODULES = YES;
				CLANG_ENABLE_OBJC_ARC = YES;
				CLANG_ENABLE_OBJC_WEAK = YES;
				CLANG_WARN_BLOCK_CAPTURE_AUTORELEASING = YES;
				CLANG_WARN_BOOL_CONVERSION = YES;
				CLANG_WARN_COMMA = YES;
				CLANG_WARN_CONSTANT_CONVERSION = YES;
				CLANG_WARN_DEPRECATED_OBJC_IMPLEMENTATIONS = YES;
				CLANG_WARN_DIRECT_OBJC_ISA_USAGE = YES_ERROR;
				CLANG_WARN_DOCUMENTATION_COMMENTS = YES;
				CLANG_WARN_EMPTY_BODY = YES;
				CLANG_WARN_ENUM_CONVERSION = YES;
				CLANG_WARN_INFINITE_RECURSION = YES;
				CLANG_WARN_INT_CONVERSION = YES;
				CLANG_WARN_NON_LITERAL_NULL_CONVERSION = YES;
				CLANG_WARN_OBJC_IMPLICIT_RETAIN_SELF = YES;
				CLANG_WARN_OBJC_LITERAL_CONVERSION = YES;
				CLANG_WARN_OBJC_ROOT_CLASS = YES_ERROR;
				CLANG_WARN_RANGE_LOOP_ANALYSIS = YES;
				CLANG_WARN_STRICT_PROTOTYPES = YES;
				CLANG_WARN_SUSPICIOUS_MOVE = YES;
				CLANG_WARN_UNGUARDED_AVAILABILITY = YES_AGGRESSIVE;
				CLANG_WARN_UNREACHABLE_CODE = YES;
				CLANG_WARN__DUPLICATE_METHOD_MATCH = YES;
				CODE_SIGN_IDENTITY = "iPhone Developer";
				COPY_PHASE_STRIP = NO;
				DEBUG_INFORMATION_FORMAT = dwarf;
				ENABLE_STRICT_OBJC_MSGSEND = YES;
				ENABLE_TESTABILITY = YES;
				GCC_C_LANGUAGE_STANDARD = gnu11;
				GCC_DYNAMIC_NO_PIC = NO;
				GCC_NO_COMMON_BLOCKS = YES;
				GCC_OPTIMIZATION_LEVEL = 0;
				GCC_PREPROCESSOR_DEFINITIONS = (
					"DEBUG=1",
					"$(inherited)",
				);
				GCC_WARN_64_TO_32_BIT_CONVERSION = YES;
				GCC_WARN_ABOUT_RETURN_TYPE = YES_ERROR;
				GCC_WARN_UNDECLARED_SELECTOR = YES;
				GCC_WARN_UNINITIALIZED_AUTOS = YES_AGGRESSIVE;
				GCC_WARN_UNUSED_FUNCTION = YES;
				GCC_WARN_UNUSED_VARIABLE = YES;
				IPHONEOS_DEPLOYMENT_TARGET = 11.4;
				MTL_ENABLE_DEBUG_INFO = YES;
				ONLY_ACTIVE_ARCH = YES;
				SDKROOT = iphoneos;
				SWIFT_ACTIVE_COMPILATION_CONDITIONS = DEBUG;
				SWIFT_OPTIMIZATION_LEVEL = "-Onone";
			};
			name = Debug;
		};
		CB911DF021487B1B000410C2 /* Release */ = {
			isa = XCBuildConfiguration;
			buildSettings = {
				ALWAYS_SEARCH_USER_PATHS = NO;
				CLANG_ANALYZER_NONNULL = YES;
				CLANG_ANALYZER_NUMBER_OBJECT_CONVERSION = YES_AGGRESSIVE;
				CLANG_CXX_LANGUAGE_STANDARD = "gnu++14";
				CLANG_CXX_LIBRARY = "libc++";
				CLANG_ENABLE_MODULES = YES;
				CLANG_ENABLE_OBJC_ARC = YES;
				CLANG_ENABLE_OBJC_WEAK = YES;
				CLANG_WARN_BLOCK_CAPTURE_AUTORELEASING = YES;
				CLANG_WARN_BOOL_CONVERSION = YES;
				CLANG_WARN_COMMA = YES;
				CLANG_WARN_CONSTANT_CONVERSION = YES;
				CLANG_WARN_DEPRECATED_OBJC_IMPLEMENTATIONS = YES;
				CLANG_WARN_DIRECT_OBJC_ISA_USAGE = YES_ERROR;
				CLANG_WARN_DOCUMENTATION_COMMENTS = YES;
				CLANG_WARN_EMPTY_BODY = YES;
				CLANG_WARN_ENUM_CONVERSION = YES;
				CLANG_WARN_INFINITE_RECURSION = YES;
				CLANG_WARN_INT_CONVERSION = YES;
				CLANG_WARN_NON_LITERAL_NULL_CONVERSION = YES;
				CLANG_WARN_OBJC_IMPLICIT_RETAIN_SELF = YES;
				CLANG_WARN_OBJC_LITERAL_CONVERSION = YES;
				CLANG_WARN_OBJC_ROOT_CLASS = YES_ERROR;
				CLANG_WARN_RANGE_LOOP_ANALYSIS = YES;
				CLANG_WARN_STRICT_PROTOTYPES = YES;
				CLANG_WARN_SUSPICIOUS_MOVE = YES;
				CLANG_WARN_UNGUARDED_AVAILABILITY = YES_AGGRESSIVE;
				CLANG_WARN_UNREACHABLE_CODE = YES;
				CLANG_WARN__DUPLICATE_METHOD_MATCH = YES;
				CODE_SIGN_IDENTITY = "iPhone Developer";
				COPY_PHASE_STRIP = NO;
				DEBUG_INFORMATION_FORMAT = "dwarf-with-dsym";
				ENABLE_NS_ASSERTIONS = NO;
				ENABLE_STRICT_OBJC_MSGSEND = YES;
				GCC_C_LANGUAGE_STANDARD = gnu11;
				GCC_NO_COMMON_BLOCKS = YES;
				GCC_WARN_64_TO_32_BIT_CONVERSION = YES;
				GCC_WARN_ABOUT_RETURN_TYPE = YES_ERROR;
				GCC_WARN_UNDECLARED_SELECTOR = YES;
				GCC_WARN_UNINITIALIZED_AUTOS = YES_AGGRESSIVE;
				GCC_WARN_UNUSED_FUNCTION = YES;
				GCC_WARN_UNUSED_VARIABLE = YES;
				IPHONEOS_DEPLOYMENT_TARGET = 11.4;
				MTL_ENABLE_DEBUG_INFO = NO;
				SDKROOT = iphoneos;
				SWIFT_COMPILATION_MODE = wholemodule;
				SWIFT_OPTIMIZATION_LEVEL = "-O";
				VALIDATE_PRODUCT = YES;
			};
			name = Release;
		};
		CB911DF221487B1B000410C2 /* Debug */ = {
			isa = XCBuildConfiguration;
			buildSettings = {
				ASSETCATALOG_COMPILER_APPICON_NAME = AppIcon;
				CODE_SIGN_STYLE = Automatic;
				INFOPLIST_FILE = Light/Info.plist;
				LD_RUNPATH_SEARCH_PATHS = (
					"$(inherited)",
					"@executable_path/Frameworks",
				);
				PRODUCT_BUNDLE_IDENTIFIER = TyDon.Light;
				PRODUCT_NAME = "$(TARGET_NAME)";
				SWIFT_VERSION = 4.0;
				TARGETED_DEVICE_FAMILY = "1,2";
			};
			name = Debug;
		};
		CB911DF321487B1B000410C2 /* Release */ = {
			isa = XCBuildConfiguration;
			buildSettings = {
				ASSETCATALOG_COMPILER_APPICON_NAME = AppIcon;
				CODE_SIGN_STYLE = Automatic;
				INFOPLIST_FILE = Light/Info.plist;
				LD_RUNPATH_SEARCH_PATHS = (
					"$(inherited)",
					"@executable_path/Frameworks",
				);
				PRODUCT_BUNDLE_IDENTIFIER = TyDon.Light;
				PRODUCT_NAME = "$(TARGET_NAME)";
				SWIFT_VERSION = 4.0;
				TARGETED_DEVICE_FAMILY = "1,2";
			};
			name = Release;
		};
		CB911DF521487B1B000410C2 /* Debug */ = {
			isa = XCBuildConfiguration;
			buildSettings = {
				ALWAYS_EMBED_SWIFT_STANDARD_LIBRARIES = YES;
				BUNDLE_LOADER = "$(TEST_HOST)";
				CODE_SIGN_STYLE = Automatic;
				INFOPLIST_FILE = LightTests/Info.plist;
				LD_RUNPATH_SEARCH_PATHS = (
					"$(inherited)",
					"@executable_path/Frameworks",
					"@loader_path/Frameworks",
				);
				PRODUCT_BUNDLE_IDENTIFIER = TyDon.LightTests;
				PRODUCT_NAME = "$(TARGET_NAME)";
				SWIFT_VERSION = 4.0;
				TARGETED_DEVICE_FAMILY = "1,2";
				TEST_HOST = "$(BUILT_PRODUCTS_DIR)/Light.app/Light";
			};
			name = Debug;
		};
		CB911DF621487B1B000410C2 /* Release */ = {
			isa = XCBuildConfiguration;
			buildSettings = {
				ALWAYS_EMBED_SWIFT_STANDARD_LIBRARIES = YES;
				BUNDLE_LOADER = "$(TEST_HOST)";
				CODE_SIGN_STYLE = Automatic;
				INFOPLIST_FILE = LightTests/Info.plist;
				LD_RUNPATH_SEARCH_PATHS = (
					"$(inherited)",
					"@executable_path/Frameworks",
					"@loader_path/Frameworks",
				);
				PRODUCT_BUNDLE_IDENTIFIER = TyDon.LightTests;
				PRODUCT_NAME = "$(TARGET_NAME)";
				SWIFT_VERSION = 4.0;
				TARGETED_DEVICE_FAMILY = "1,2";
				TEST_HOST = "$(BUILT_PRODUCTS_DIR)/Light.app/Light";
			};
			name = Release;
		};
		CB911DF821487B1B000410C2 /* Debug */ = {
			isa = XCBuildConfiguration;
			buildSettings = {
				ALWAYS_EMBED_SWIFT_STANDARD_LIBRARIES = YES;
				CODE_SIGN_STYLE = Automatic;
				INFOPLIST_FILE = LightUITests/Info.plist;
				LD_RUNPATH_SEARCH_PATHS = (
					"$(inherited)",
					"@executable_path/Frameworks",
					"@loader_path/Frameworks",
				);
				PRODUCT_BUNDLE_IDENTIFIER = TyDon.LightUITests;
				PRODUCT_NAME = "$(TARGET_NAME)";
				SWIFT_VERSION = 4.0;
				TARGETED_DEVICE_FAMILY = "1,2";
				TEST_TARGET_NAME = Light;
			};
			name = Debug;
		};
		CB911DF921487B1B000410C2 /* Release */ = {
			isa = XCBuildConfiguration;
			buildSettings = {
				ALWAYS_EMBED_SWIFT_STANDARD_LIBRARIES = YES;
				CODE_SIGN_STYLE = Automatic;
				INFOPLIST_FILE = LightUITests/Info.plist;
				LD_RUNPATH_SEARCH_PATHS = (
					"$(inherited)",
					"@executable_path/Frameworks",
					"@loader_path/Frameworks",
				);
				PRODUCT_BUNDLE_IDENTIFIER = TyDon.LightUITests;
				PRODUCT_NAME = "$(TARGET_NAME)";
				SWIFT_VERSION = 4.0;
				TARGETED_DEVICE_FAMILY = "1,2";
				TEST_TARGET_NAME = Light;
			};
			name = Release;
		};
/* End XCBuildConfiguration section */

/* Begin XCConfigurationList section */
		CB911DC421487B19000410C2 /* Build configuration list for PBXProject "Light" */ = {
			isa = XCConfigurationList;
			buildConfigurations = (
				CB911DEF21487B1B000410C2 /* Debug */,
				CB911DF021487B1B000410C2 /* Release */,
			);
			defaultConfigurationIsVisible = 0;
			defaultConfigurationName = Release;
		};
		CB911DF121487B1B000410C2 /* Build configuration list for PBXNativeTarget "Light" */ = {
			isa = XCConfigurationList;
			buildConfigurations = (
				CB911DF221487B1B000410C2 /* Debug */,
				CB911DF321487B1B000410C2 /* Release */,
			);
			defaultConfigurationIsVisible = 0;
			defaultConfigurationName = Release;
		};
		CB911DF421487B1B000410C2 /* Build configuration list for PBXNativeTarget "LightTests" */ = {
			isa = XCConfigurationList;
			buildConfigurations = (
				CB911DF521487B1B000410C2 /* Debug */,
				CB911DF621487B1B000410C2 /* Release */,
			);
			defaultConfigurationIsVisible = 0;
			defaultConfigurationName = Release;
		};
		CB911DF721487B1B000410C2 /* Build configuration list for PBXNativeTarget "LightUITests" */ = {
			isa = XCConfigurationList;
			buildConfigurations = (
				CB911DF821487B1B000410C2 /* Debug */,
				CB911DF921487B1B000410C2 /* Release */,
			);
			defaultConfigurationIsVisible = 0;
			defaultConfigurationName = Release;
		};
/* End XCConfigurationList section */
	};
	rootObject = CB911DC121487B19000410C2 /* Project object */;
}
